
Microsoft Visual Studio Solution File, Format Version 12.00
# Visual Studio Version 16
VisualStudioVersion = 16.0.28803.452
MinimumVisualStudioVersion = 10.0.40219.1
Project("{888888A0-9F3D-457C-B088-3A5042F75D52}") = "tensorflowexercises", "tensorflowexercises.pyproj", "{61207E70-3A23-4B06-BB41-2B260DBFD337}"
EndProject
Global
	GlobalSection(SolutionConfigurationPlatforms) = preSolution
		Debug|Any CPU = Debug|Any CPU
		Release|Any CPU = Release|Any CPU
	EndGlobalSection
	GlobalSection(ProjectConfigurationPlatforms) = postSolution
		{61207E70-3A23-4B06-BB41-2B260DBFD337}.Debug|Any CPU.ActiveCfg = Debug|Any CPU
		{61207E70-3A23-4B06-BB41-2B260DBFD337}.Release|Any CPU.ActiveCfg = Release|Any CPU
	EndGlobalSection
	GlobalSection(SolutionProperties) = preSolution
		HideSolutionNode = FALSE
	EndGlobalSection
	GlobalSection(ExtensibilityGlobals) = postSolution
		SolutionGuid = {487F83CA-502C-43AF-B1C7-EF9A11DDA4C5}
	EndGlobalSection
EndGlobal
